// !$*UTF8*$!
{
	archiveVersion = 1;
	classes = {
	};
	objectVersion = 77;
	objects = {

/* Begin PBXContainerItemProxy section */
		D8EA35932E4D9D5300B386DB /* PBXContainerItemProxy */ = {
			isa = PBXContainerItemProxy;
			containerPortal = D8EA35712E4D9D5100B386DB /* Project object */;
			proxyType = 1;
			remoteGlobalIDString = D8EA35782E4D9D5100B386DB;
			remoteInfo = "party-poker";
		};
		D8EA359D2E4D9D5300B386DB /* PBXContainerItemProxy */ = {
			isa = PBXContainerItemProxy;
			containerPortal = D8EA35712E4D9D5100B386DB /* Project object */;
			proxyType = 1;
			remoteGlobalIDString = D8EA35782E4D9D5100B386DB;
			remoteInfo = "party-poker";
		};
/* End PBXContainerItemProxy section */

/* Begin PBXFileReference section */
		D8EA35792E4D9D5100B386DB /* party-poker.app */ = {isa = PBXFileReference; explicitFileType = wrapper.application; includeInIndex = 0; path = "party-poker.app"; sourceTree = BUILT_PRODUCTS_DIR; };
		D8EA35922E4D9D5300B386DB /* party-pokerTests.xctest */ = {isa = PBXFileReference; explicitFileType = wrapper.cfbundle; includeInIndex = 0; path = "party-pokerTests.xctest"; sourceTree = BUILT_PRODUCTS_DIR; };
		D8EA359C2E4D9D5300B386DB /* party-pokerUITests.xctest */ = {isa = PBXFileReference; explicitFileType = wrapper.cfbundle; includeInIndex = 0; path = "party-pokerUITests.xctest"; sourceTree = BUILT_PRODUCTS_DIR; };
/* End PBXFileReference section */

/* Begin PBXFileSystemSynchronizedRootGroup section */
		D8EA357B2E4D9D5100B386DB /* party-poker */ = {
			isa = PBXFileSystemSynchronizedRootGroup;
			path = "party-poker";
			sourceTree = "<group>";
		};
		D8EA35952E4D9D5300B386DB /* party-pokerTests */ = {
			isa = PBXFileSystemSynchronizedRootGroup;
			path = "party-pokerTests";
			sourceTree = "<group>";
		};
		D8EA359F2E4D9D5300B386DB /* party-pokerUITests */ = {
			isa = PBXFileSystemSynchronizedRootGroup;
			path = "party-pokerUITests";
			sourceTree = "<group>";
		};
/* End PBXFileSystemSynchronizedRootGroup section */

/* Begin PBXFrameworksBuildPhase section */
		D8EA35762E4D9D5100B386DB /* Frameworks */ = {
			isa = PBXFrameworksBuildPhase;
			buildActionMask = 2147483647;
			files = (
			);
			runOnlyForDeploymentPostprocessing = 0;
		};
		D8EA358F2E4D9D5300B386DB /* Frameworks */ = {
			isa = PBXFrameworksBuildPhase;
			buildActionMask = 2147483647;
			files = (
			);
			runOnlyForDeploymentPostprocessing = 0;
		};
		D8EA35992E4D9D5300B386DB /* Frameworks */ = {
			isa = PBXFrameworksBuildPhase;
			buildActionMask = 2147483647;
			files = (
			);
			runOnlyForDeploymentPostprocessing = 0;
		};
/* End PBXFrameworksBuildPhase section */

/* Begin PBXGroup section */
		D8EA35702E4D9D5100B386DB = {
			isa = PBXGroup;
			children = (
				D8EA357B2E4D9D5100B386DB /* party-poker */,
				D8EA35952E4D9D5300B386DB /* party-pokerTests */,
				D8EA359F2E4D9D5300B386DB /* party-pokerUITests */,
				D8EA357A2E4D9D5100B386DB /* Products */,
			);
			sourceTree = "<group>";
		};
		D8EA357A2E4D9D5100B386DB /* Products */ = {
			isa = PBXGroup;
			children = (
				D8EA35792E4D9D5100B386DB /* party-poker.app */,
				D8EA35922E4D9D5300B386DB /* party-pokerTests.xctest */,
				D8EA359C2E4D9D5300B386DB /* party-pokerUITests.xctest */,
			);
			name = Products;
			sourceTree = "<group>";
		};
/* End PBXGroup section */

/* Begin PBXNativeTarget section */
		D8EA35782E4D9D5100B386DB /* party-poker */ = {
			isa = PBXNativeTarget;
			buildConfigurationList = D8EA35A62E4D9D5300B386DB /* Build configuration list for PBXNativeTarget "party-poker" */;
			buildPhases = (
				D8EA35752E4D9D5100B386DB /* Sources */,
				D8EA35762E4D9D5100B386DB /* Frameworks */,
				D8EA35772E4D9D5100B386DB /* Resources */,
			);
			buildRules = (
			);
			dependencies = (
			);
			fileSystemSynchronizedGroups = (
				D8EA357B2E4D9D5100B386DB /* party-poker */,
			);
			name = "party-poker";
			packageProductDependencies = (
			);
			productName = "party-poker";
			productReference = D8EA35792E4D9D5100B386DB /* party-poker.app */;
			productType = "com.apple.product-type.application";
		};
		D8EA35912E4D9D5300B386DB /* party-pokerTests */ = {
			isa = PBXNativeTarget;
			buildConfigurationList = D8EA35A92E4D9D5300B386DB /* Build configuration list for PBXNativeTarget "party-pokerTests" */;
			buildPhases = (
				D8EA358E2E4D9D5300B386DB /* Sources */,
				D8EA358F2E4D9D5300B386DB /* Frameworks */,
				D8EA35902E4D9D5300B386DB /* Resources */,
			);
			buildRules = (
			);
			dependencies = (
				D8EA35942E4D9D5300B386DB /* PBXTargetDependency */,
			);
			fileSystemSynchronizedGroups = (
				D8EA35952E4D9D5300B386DB /* party-pokerTests */,
			);
			name = "party-pokerTests";
			packageProductDependencies = (
			);
			productName = "party-pokerTests";
			productReference = D8EA35922E4D9D5300B386DB /* party-pokerTests.xctest */;
			productType = "com.apple.product-type.bundle.unit-test";
		};
		D8EA359B2E4D9D5300B386DB /* party-pokerUITests */ = {
			isa = PBXNativeTarget;
			buildConfigurationList = D8EA35AC2E4D9D5300B386DB /* Build configuration list for PBXNativeTarget "party-pokerUITests" */;
			buildPhases = (
				D8EA35982E4D9D5300B386DB /* Sources */,
				D8EA35992E4D9D5300B386DB /* Frameworks */,
				D8EA359A2E4D9D5300B386DB /* Resources */,
			);
			buildRules = (
			);
			dependencies = (
				D8EA359E2E4D9D5300B386DB /* PBXTargetDependency */,
			);
			fileSystemSynchronizedGroups = (
				D8EA359F2E4D9D5300B386DB /* party-pokerUITests */,
			);
			name = "party-pokerUITests";
			packageProductDependencies = (
			);
			productName = "party-pokerUITests";
			productReference = D8EA359C2E4D9D5300B386DB /* party-pokerUITests.xctest */;
			productType = "com.apple.product-type.bundle.ui-testing";
		};
/* End PBXNativeTarget section */

/* Begin PBXProject section */
		D8EA35712E4D9D5100B386DB /* Project object */ = {
			isa = PBXProject;
			attributes = {
				BuildIndependentTargetsInParallel = 1;
				LastSwiftUpdateCheck = 1640;
				LastUpgradeCheck = 1640;
				TargetAttributes = {
					D8EA35782E4D9D5100B386DB = {
						CreatedOnToolsVersion = 16.4;
					};
					D8EA35912E4D9D5300B386DB = {
						CreatedOnToolsVersion = 16.4;
						TestTargetID = D8EA35782E4D9D5100B386DB;
					};
					D8EA359B2E4D9D5300B386DB = {
						CreatedOnToolsVersion = 16.4;
						TestTargetID = D8EA35782E4D9D5100B386DB;
					};
				};
			};
			buildConfigurationList = D8EA35742E4D9D5100B386DB /* Build configuration list for PBXProject "party-poker" */;
			developmentRegion = en;
			hasScannedForEncodings = 0;
			knownRegions = (
				en,
				Base,
			);
			mainGroup = D8EA35702E4D9D5100B386DB;
			minimizedProjectReferenceProxies = 1;
			preferredProjectObjectVersion = 77;
			productRefGroup = D8EA357A2E4D9D5100B386DB /* Products */;
			projectDirPath = "";
			projectRoot = "";
			targets = (
				D8EA35782E4D9D5100B386DB /* party-poker */,
				D8EA35912E4D9D5300B386DB /* party-pokerTests */,
				D8EA359B2E4D9D5300B386DB /* party-pokerUITests */,
			);
		};
/* End PBXProject section */

/* Begin PBXResourcesBuildPhase section */
		D8EA35772E4D9D5100B386DB /* Resources */ = {
			isa = PBXResourcesBuildPhase;
			buildActionMask = 2147483647;
			files = (
			);
			runOnlyForDeploymentPostprocessing = 0;
		};
		D8EA35902E4D9D5300B386DB /* Resources */ = {
			isa = PBXResourcesBuildPhase;
			buildActionMask = 2147483647;
			files = (
			);
			runOnlyForDeploymentPostprocessing = 0;
		};
		D8EA359A2E4D9D5300B386DB /* Resources */ = {
			isa = PBXResourcesBuildPhase;
			buildActionMask = 2147483647;
			files = (
			);
			runOnlyForDeploymentPostprocessing = 0;
		};
/* End PBXResourcesBuildPhase section */

/* Begin PBXSourcesBuildPhase section */
		D8EA35752E4D9D5100B386DB /* Sources */ = {
			isa = PBXSourcesBuildPhase;
			buildActionMask = 2147483647;
			files = (
			);
			runOnlyForDeploymentPostprocessing = 0;
		};
		D8EA358E2E4D9D5300B386DB /* Sources */ = {
			isa = PBXSourcesBuildPhase;
			buildActionMask = 2147483647;
			files = (
			);
			runOnlyForDeploymentPostprocessing = 0;
		};
		D8EA35982E4D9D5300B386DB /* Sources */ = {
			isa = PBXSourcesBuildPhase;
			buildActionMask = 2147483647;
			files = (
			);
			runOnlyForDeploymentPostprocessing = 0;
		};
/* End PBXSourcesBuildPhase section */

/* Begin PBXTargetDependency section */
		D8EA35942E4D9D5300B386DB /* PBXTargetDependency */ = {
			isa = PBXTargetDependency;
			target = D8EA35782E4D9D5100B386DB /* party-poker */;
			targetProxy = D8EA35932E4D9D5300B386DB /* PBXContainerItemProxy */;
		};
		D8EA359E2E4D9D5300B386DB /* PBXTargetDependency */ = {
			isa = PBXTargetDependency;
			target = D8EA35782E4D9D5100B386DB /* party-poker */;
			targetProxy = D8EA359D2E4D9D5300B386DB /* PBXContainerItemProxy */;
		};
/* End PBXTargetDependency section */

/* Begin XCBuildConfiguration section */
		D8EA35A42E4D9D5300B386DB /* Debug */ = {
			isa = XCBuildConfiguration;
			buildSettings = {
				ALWAYS_SEARCH_USER_PATHS = NO;
				ASSETCATALOG_COMPILER_GENERATE_SWIFT_ASSET_SYMBOL_EXTENSIONS = YES;
				CLANG_ANALYZER_NONNULL = YES;
				CLANG_ANALYZER_NUMBER_OBJECT_CONVERSION = YES_AGGRESSIVE;
				CLANG_CXX_LANGUAGE_STANDARD = "gnu++20";
				CLANG_ENABLE_MODULES = YES;
				CLANG_ENABLE_OBJC_ARC = YES;
				CLANG_ENABLE_OBJC_WEAK = YES;
				CLANG_WARN_BLOCK_CAPTURE_AUTORELEASING = YES;
				CLANG_WARN_BOOL_CONVERSION = YES;
				CLANG_WARN_COMMA = YES;
				CLANG_WARN_CONSTANT_CONVERSION = YES;
				CLANG_WARN_DEPRECATED_OBJC_IMPLEMENTATIONS = YES;
				CLANG_WARN_DIRECT_OBJC_ISA_USAGE = YES_ERROR;
				CLANG_WARN_DOCUMENTATION_COMMENTS = YES;
				CLANG_WARN_EMPTY_BODY = YES;
				CLANG_WARN_ENUM_CONVERSION = YES;
				CLANG_WARN_INFINITE_RECURSION = YES;
				CLANG_WARN_INT_CONVERSION = YES;
				CLANG_WARN_NON_LITERAL_NULL_CONVERSION = YES;
				CLANG_WARN_OBJC_IMPLICIT_RETAIN_SELF = YES;
				CLANG_WARN_OBJC_LITERAL_CONVERSION = YES;
				CLANG_WARN_OBJC_ROOT_CLASS = YES_ERROR;
				CLANG_WARN_QUOTED_INCLUDE_IN_FRAMEWORK_HEADER = YES;
				CLANG_WARN_RANGE_LOOP_ANALYSIS = YES;
				CLANG_WARN_STRICT_PROTOTYPES = YES;
				CLANG_WARN_SUSPICIOUS_MOVE = YES;
				CLANG_WARN_UNGUARDED_AVAILABILITY = YES_AGGRESSIVE;
				CLANG_WARN_UNREACHABLE_CODE = YES;
				CLANG_WARN__DUPLICATE_METHOD_MATCH = YES;
				COPY_PHASE_STRIP = NO;
				DEBUG_INFORMATION_FORMAT = dwarf;
				ENABLE_STRICT_OBJC_MSGSEND = YES;
				ENABLE_TESTABILITY = YES;
				ENABLE_USER_SCRIPT_SANDBOXING = YES;
				GCC_C_LANGUAGE_STANDARD = gnu17;
				GCC_DYNAMIC_NO_PIC = NO;
				GCC_NO_COMMON_BLOCKS = YES;
				GCC_OPTIMIZATION_LEVEL = 0;
				GCC_PREPROCESSOR_DEFINITIONS = (
					"DEBUG=1",
					"$(inherited)",
				);
				GCC_WARN_64_TO_32_BIT_CONVERSION = YES;
				GCC_WARN_ABOUT_RETURN_TYPE = YES_ERROR;
				GCC_WARN_UNDECLARED_SELECTOR = YES;
				GCC_WARN_UNINITIALIZED_AUTOS = YES_AGGRESSIVE;
				GCC_WARN_UNUSED_FUNCTION = YES;
				GCC_WARN_UNUSED_VARIABLE = YES;
				IPHONEOS_DEPLOYMENT_TARGET = 18.5;
				LOCALIZATION_PREFERS_STRING_CATALOGS = YES;
				MTL_ENABLE_DEBUG_INFO = INCLUDE_SOURCE;
				MTL_FAST_MATH = YES;
				ONLY_ACTIVE_ARCH = YES;
				SDKROOT = iphoneos;
				SWIFT_ACTIVE_COMPILATION_CONDITIONS = "DEBUG $(inherited)";
				SWIFT_OPTIMIZATION_LEVEL = "-Onone";
			};
			name = Debug;
		};
		D8EA35A52E4D9D5300B386DB /* Release */ = {
			isa = XCBuildConfiguration;
			buildSettings = {
				ALWAYS_SEARCH_USER_PATHS = NO;
				ASSETCATALOG_COMPILER_GENERATE_SWIFT_ASSET_SYMBOL_EXTENSIONS = YES;
				CLANG_ANALYZER_NONNULL = YES;
				CLANG_ANALYZER_NUMBER_OBJECT_CONVERSION = YES_AGGRESSIVE;
				CLANG_CXX_LANGUAGE_STANDARD = "gnu++20";
				CLANG_ENABLE_MODULES = YES;
				CLANG_ENABLE_OBJC_ARC = YES;
				CLANG_ENABLE_OBJC_WEAK = YES;
				CLANG_WARN_BLOCK_CAPTURE_AUTORELEASING = YES;
				CLANG_WARN_BOOL_CONVERSION = YES;
				CLANG_WARN_COMMA = YES;
				CLANG_WARN_CONSTANT_CONVERSION = YES;
				CLANG_WARN_DEPRECATED_OBJC_IMPLEMENTATIONS = YES;
				CLANG_WARN_DIRECT_OBJC_ISA_USAGE = YES_ERROR;
				CLANG_WARN_DOCUMENTATION_COMMENTS = YES;
				CLANG_WARN_EMPTY_BODY = YES;
				CLANG_WARN_ENUM_CONVERSION = YES;
				CLANG_WARN_INFINITE_RECURSION = YES;
				CLANG_WARN_INT_CONVERSION = YES;
				CLANG_WARN_NON_LITERAL_NULL_CONVERSION = YES;
				CLANG_WARN_OBJC_IMPLICIT_RETAIN_SELF = YES;
				CLANG_WARN_OBJC_LITERAL_CONVERSION = YES;
				CLANG_WARN_OBJC_ROOT_CLASS = YES_ERROR;
				CLANG_WARN_QUOTED_INCLUDE_IN_FRAMEWORK_HEADER = YES;
				CLANG_WARN_RANGE_LOOP_ANALYSIS = YES;
				CLANG_WARN_STRICT_PROTOTYPES = YES;
				CLANG_WARN_SUSPICIOUS_MOVE = YES;
				CLANG_WARN_UNGUARDED_AVAILABILITY = YES_AGGRESSIVE;
				CLANG_WARN_UNREACHABLE_CODE = YES;
				CLANG_WARN__DUPLICATE_METHOD_MATCH = YES;
				COPY_PHASE_STRIP = NO;
				DEBUG_INFORMATION_FORMAT = "dwarf-with-dsym";
				ENABLE_NS_ASSERTIONS = NO;
				ENABLE_STRICT_OBJC_MSGSEND = YES;
				ENABLE_USER_SCRIPT_SANDBOXING = YES;
				GCC_C_LANGUAGE_STANDARD = gnu17;
				GCC_NO_COMMON_BLOCKS = YES;
				GCC_WARN_64_TO_32_BIT_CONVERSION = YES;
				GCC_WARN_ABOUT_RETURN_TYPE = YES_ERROR;
				GCC_WARN_UNDECLARED_SELECTOR = YES;
				GCC_WARN_UNINITIALIZED_AUTOS = YES_AGGRESSIVE;
				GCC_WARN_UNUSED_FUNCTION = YES;
				GCC_WARN_UNUSED_VARIABLE = YES;
				IPHONEOS_DEPLOYMENT_TARGET = 18.5;
				LOCALIZATION_PREFERS_STRING_CATALOGS = YES;
				MTL_ENABLE_DEBUG_INFO = NO;
				MTL_FAST_MATH = YES;
				SDKROOT = iphoneos;
				SWIFT_COMPILATION_MODE = wholemodule;
				VALIDATE_PRODUCT = YES;
			};
			name = Release;
		};
		D8EA35A72E4D9D5300B386DB /* Debug */ = {
			isa = XCBuildConfiguration;
			buildSettings = {
				ASSETCATALOG_COMPILER_APPICON_NAME = AppIcon;
				ASSETCATALOG_COMPILER_GLOBAL_ACCENT_COLOR_NAME = AccentColor;
				CODE_SIGN_STYLE = Automatic;
				CURRENT_PROJECT_VERSION = 1;
				GENERATE_INFOPLIST_FILE = YES;
				INFOPLIST_KEY_UIApplicationSupportsIndirectInputEvents = YES;
				INFOPLIST_KEY_UILaunchStoryboardName = LaunchScreen;
				INFOPLIST_KEY_UIMainStoryboardFile = Main;
				INFOPLIST_KEY_UIStatusBarHidden = YES;
				INFOPLIST_KEY_UISupportedInterfaceOrientations_iPad = "UIInterfaceOrientationPortrait UIInterfaceOrientationPortraitUpsideDown UIInterfaceOrientationLandscapeLeft UIInterfaceOrientationLandscapeRight";
				INFOPLIST_KEY_UISupportedInterfaceOrientations_iPhone = "UIInterfaceOrientationPortrait UIInterfaceOrientationLandscapeLeft UIInterfaceOrientationLandscapeRight";
				LD_RUNPATH_SEARCH_PATHS = (
					"$(inherited)",
					"@executable_path/Frameworks",
				);
				MARKETING_VERSION = 1.0;
				PRODUCT_BUNDLE_IDENTIFIER = "novuxlab.party-poker";
				PRODUCT_NAME = "$(TARGET_NAME)";
				SWIFT_EMIT_LOC_STRINGS = YES;
				SWIFT_VERSION = 5.0;
				TARGETED_DEVICE_FAMILY = "1,2";
			};
			name = Debug;
		};
		D8EA35A82E4D9D5300B386DB /* Release */ = {
			isa = XCBuildConfiguration;
			buildSettings = {
				ASSETCATALOG_COMPILER_APPICON_NAME = AppIcon;
				ASSETCATALOG_COMPILER_GLOBAL_ACCENT_COLOR_NAME = AccentColor;
				CODE_SIGN_STYLE = Automatic;
				CURRENT_PROJECT_VERSION = 1;
				GENERATE_INFOPLIST_FILE = YES;
				INFOPLIST_KEY_UIApplicationSupportsIndirectInputEvents = YES;
				INFOPLIST_KEY_UILaunchStoryboardName = LaunchScreen;
				INFOPLIST_KEY_UIMainStoryboardFile = Main;
				INFOPLIST_KEY_UIStatusBarHidden = YES;
				INFOPLIST_KEY_UISupportedInterfaceOrientations_iPad = "UIInterfaceOrientationPortrait UIInterfaceOrientationPortraitUpsideDown UIInterfaceOrientationLandscapeLeft UIInterfaceOrientationLandscapeRight";
				INFOPLIST_KEY_UISupportedInterfaceOrientations_iPhone = "UIInterfaceOrientationPortrait UIInterfaceOrientationLandscapeLeft UIInterfaceOrientationLandscapeRight";
				LD_RUNPATH_SEARCH_PATHS = (
					"$(inherited)",
					"@executable_path/Frameworks",
				);
				MARKETING_VERSION = 1.0;
				PRODUCT_BUNDLE_IDENTIFIER = "novuxlab.party-poker";
				PRODUCT_NAME = "$(TARGET_NAME)";
				SWIFT_EMIT_LOC_STRINGS = YES;
				SWIFT_VERSION = 5.0;
				TARGETED_DEVICE_FAMILY = "1,2";
			};
			name = Release;
		};
		D8EA35AA2E4D9D5300B386DB /* Debug */ = {
			isa = XCBuildConfiguration;
			buildSettings = {
				BUNDLE_LOADER = "$(TEST_HOST)";
				CODE_SIGN_STYLE = Automatic;
				CURRENT_PROJECT_VERSION = 1;
				GENERATE_INFOPLIST_FILE = YES;
				IPHONEOS_DEPLOYMENT_TARGET = 18.5;
				MARKETING_VERSION = 1.0;
				PRODUCT_BUNDLE_IDENTIFIER = "novuxlab.party-pokerTests";
				PRODUCT_NAME = "$(TARGET_NAME)";
				SWIFT_EMIT_LOC_STRINGS = NO;
				SWIFT_VERSION = 5.0;
				TARGETED_DEVICE_FAMILY = "1,2";
				TEST_HOST = "$(BUILT_PRODUCTS_DIR)/party-poker.app/$(BUNDLE_EXECUTABLE_FOLDER_PATH)/party-poker";
			};
			name = Debug;
		};
		D8EA35AB2E4D9D5300B386DB /* Release */ = {
			isa = XCBuildConfiguration;
			buildSettings = {
				BUNDLE_LOADER = "$(TEST_HOST)";
				CODE_SIGN_STYLE = Automatic;
				CURRENT_PROJECT_VERSION = 1;
				GENERATE_INFOPLIST_FILE = YES;
				IPHONEOS_DEPLOYMENT_TARGET = 18.5;
				MARKETING_VERSION = 1.0;
				PRODUCT_BUNDLE_IDENTIFIER = "novuxlab.party-pokerTests";
				PRODUCT_NAME = "$(TARGET_NAME)";
				SWIFT_EMIT_LOC_STRINGS = NO;
				SWIFT_VERSION = 5.0;
				TARGETED_DEVICE_FAMILY = "1,2";
				TEST_HOST = "$(BUILT_PRODUCTS_DIR)/party-poker.app/$(BUNDLE_EXECUTABLE_FOLDER_PATH)/party-poker";
			};
			name = Release;
		};
		D8EA35AD2E4D9D5300B386DB /* Debug */ = {
			isa = XCBuildConfiguration;
			buildSettings = {
				CODE_SIGN_STYLE = Automatic;
				CURRENT_PROJECT_VERSION = 1;
				GENERATE_INFOPLIST_FILE = YES;
				MARKETING_VERSION = 1.0;
				PRODUCT_BUNDLE_IDENTIFIER = "novuxlab.party-pokerUITests";
				PRODUCT_NAME = "$(TARGET_NAME)";
				SWIFT_EMIT_LOC_STRINGS = NO;
				SWIFT_VERSION = 5.0;
				TARGETED_DEVICE_FAMILY = "1,2";
				TEST_TARGET_NAME = "party-poker";
			};
			name = Debug;
		};
		D8EA35AE2E4D9D5300B386DB /* Release */ = {
			isa = XCBuildConfiguration;
			buildSettings = {
				CODE_SIGN_STYLE = Automatic;
				CURRENT_PROJECT_VERSION = 1;
				GENERATE_INFOPLIST_FILE = YES;
				MARKETING_VERSION = 1.0;
				PRODUCT_BUNDLE_IDENTIFIER = "novuxlab.party-pokerUITests";
				PRODUCT_NAME = "$(TARGET_NAME)";
				SWIFT_EMIT_LOC_STRINGS = NO;
				SWIFT_VERSION = 5.0;
				TARGETED_DEVICE_FAMILY = "1,2";
				TEST_TARGET_NAME = "party-poker";
			};
			name = Release;
		};
/* End XCBuildConfiguration section */

/* Begin XCConfigurationList section */
		D8EA35742E4D9D5100B386DB /* Build configuration list for PBXProject "party-poker" */ = {
			isa = XCConfigurationList;
			buildConfigurations = (
				D8EA35A42E4D9D5300B386DB /* Debug */,
				D8EA35A52E4D9D5300B386DB /* Release */,
			);
			defaultConfigurationIsVisible = 0;
			defaultConfigurationName = Release;
		};
		D8EA35A62E4D9D5300B386DB /* Build configuration list for PBXNativeTarget "party-poker" */ = {
			isa = XCConfigurationList;
			buildConfigurations = (
				D8EA35A72E4D9D5300B386DB /* Debug */,
				D8EA35A82E4D9D5300B386DB /* Release */,
			);
			defaultConfigurationIsVisible = 0;
			defaultConfigurationName = Release;
		};
		D8EA35A92E4D9D5300B386DB /* Build configuration list for PBXNativeTarget "party-pokerTests" */ = {
			isa = XCConfigurationList;
			buildConfigurations = (
				D8EA35AA2E4D9D5300B386DB /* Debug */,
				D8EA35AB2E4D9D5300B386DB /* Release */,
			);
			defaultConfigurationIsVisible = 0;
			defaultConfigurationName = Release;
		};
		D8EA35AC2E4D9D5300B386DB /* Build configuration list for PBXNativeTarget "party-pokerUITests" */ = {
			isa = XCConfigurationList;
			buildConfigurations = (
				D8EA35AD2E4D9D5300B386DB /* Debug */,
				D8EA35AE2E4D9D5300B386DB /* Release */,
			);
			defaultConfigurationIsVisible = 0;
			defaultConfigurationName = Release;
		};
/* End XCConfigurationList section */
	};
	rootObject = D8EA35712E4D9D5100B386DB /* Project object */;
}
